
Microsoft Visual Studio Solution File, Format Version 12.00
# Visual Studio 15
VisualStudioVersion = 15.0.28307.489
MinimumVisualStudioVersion = 10.0.40219.1
Project("{FAE04EC0-301F-11D3-BF4B-00C04F79EFBC}") = "4_Головко_ИндПроектОАиП", "4_Головко_ИндПроектОАиП\4_Головко_ИндПроектОАиП.csproj", "{CDAE6599-F1E6-4F90-B845-9D32509A659E}"
EndProject
Project("{FAE04EC0-301F-11D3-BF4B-00C04F79EFBC}") = "LibraryMethods", "LibraryPizzeria\LibraryMethods.csproj", "{10391169-9AFF-4E41-BFED-A03B12BFD164}"
EndProject
Global
	GlobalSection(SolutionConfigurationPlatforms) = preSolution
		Debug|Any CPU = Debug|Any CPU
		Release|Any CPU = Release|Any CPU
	EndGlobalSection
	GlobalSection(ProjectConfigurationPlatforms) = postSolution
		{CDAE6599-F1E6-4F90-B845-9D32509A659E}.Debug|Any CPU.ActiveCfg = Debug|Any CPU
		{CDAE6599-F1E6-4F90-B845-9D32509A659E}.Debug|Any CPU.Build.0 = Debug|Any CPU
		{CDAE6599-F1E6-4F90-B845-9D32509A659E}.Release|Any CPU.ActiveCfg = Release|Any CPU
		{CDAE6599-F1E6-4F90-B845-9D32509A659E}.Release|Any CPU.Build.0 = Release|Any CPU
		{10391169-9AFF-4E41-BFED-A03B12BFD164}.Debug|Any CPU.ActiveCfg = Debug|Any CPU
		{10391169-9AFF-4E41-BFED-A03B12BFD164}.Debug|Any CPU.Build.0 = Debug|Any CPU
		{10391169-9AFF-4E41-BFED-A03B12BFD164}.Release|Any CPU.ActiveCfg = Release|Any CPU
		{10391169-9AFF-4E41-BFED-A03B12BFD164}.Release|Any CPU.Build.0 = Release|Any CPU
	EndGlobalSection
	GlobalSection(SolutionProperties) = preSolution
		HideSolutionNode = FALSE
	EndGlobalSection
	GlobalSection(ExtensibilityGlobals) = postSolution
		SolutionGuid = {34CF9FB7-E154-4D47-B516-09BEA68CEE48}
	EndGlobalSection
EndGlobal
